// !$*UTF8*$!
{
	archiveVersion = 1;
	classes = {
	};
	objectVersion = 46;
	objects = {

/* Begin PBXBuildFile section */
		F5A0E0A91D15417100BEB7EF /* main.m in Sources */ = {isa = PBXBuildFile; fileRef = F5A0E0A81D15417100BEB7EF /* main.m */; };
		F5A0E0AC1D15417100BEB7EF /* AppDelegate.m in Sources */ = {isa = PBXBuildFile; fileRef = F5A0E0AB1D15417100BEB7EF /* AppDelegate.m */; };
		F5A0E0AF1D15417100BEB7EF /* ViewController.m in Sources */ = {isa = PBXBuildFile; fileRef = F5A0E0AE1D15417100BEB7EF /* ViewController.m */; };
		F5A0E0B21D15417100BEB7EF /* Main.storyboard in Resources */ = {isa = PBXBuildFile; fileRef = F5A0E0B01D15417100BEB7EF /* Main.storyboard */; };
		F5A0E0B41D15417100BEB7EF /* Assets.xcassets in Resources */ = {isa = PBXBuildFile; fileRef = F5A0E0B31D15417100BEB7EF /* Assets.xcassets */; };
		F5A0E0B71D15417100BEB7EF /* LaunchScreen.storyboard in Resources */ = {isa = PBXBuildFile; fileRef = F5A0E0B51D15417100BEB7EF /* LaunchScreen.storyboard */; };
/* End PBXBuildFile section */

/* Begin PBXFileReference section */
		F5A0E0A41D15417100BEB7EF /* CareCommunity.app */ = {isa = PBXFileReference; explicitFileType = wrapper.application; includeInIndex = 0; path = CareCommunity.app; sourceTree = BUILT_PRODUCTS_DIR; };
		F5A0E0A81D15417100BEB7EF /* main.m */ = {isa = PBXFileReference; lastKnownFileType = sourcecode.c.objc; path = main.m; sourceTree = "<group>"; };
		F5A0E0AA1D15417100BEB7EF /* AppDelegate.h */ = {isa = PBXFileReference; lastKnownFileType = sourcecode.c.h; path = AppDelegate.h; sourceTree = "<group>"; };
		F5A0E0AB1D15417100BEB7EF /* AppDelegate.m */ = {isa = PBXFileReference; lastKnownFileType = sourcecode.c.objc; path = AppDelegate.m; sourceTree = "<group>"; };
		F5A0E0AD1D15417100BEB7EF /* ViewController.h */ = {isa = PBXFileReference; lastKnownFileType = sourcecode.c.h; path = ViewController.h; sourceTree = "<group>"; };
		F5A0E0AE1D15417100BEB7EF /* ViewController.m */ = {isa = PBXFileReference; lastKnownFileType = sourcecode.c.objc; path = ViewController.m; sourceTree = "<group>"; };
		F5A0E0B11D15417100BEB7EF /* Base */ = {isa = PBXFileReference; lastKnownFileType = file.storyboard; name = Base; path = Base.lproj/Main.storyboard; sourceTree = "<group>"; };
		F5A0E0B31D15417100BEB7EF /* Assets.xcassets */ = {isa = PBXFileReference; lastKnownFileType = folder.assetcatalog; path = Assets.xcassets; sourceTree = "<group>"; };
		F5A0E0B61D15417100BEB7EF /* Base */ = {isa = PBXFileReference; lastKnownFileType = file.storyboard; name = Base; path = Base.lproj/LaunchScreen.storyboard; sourceTree = "<group>"; };
		F5A0E0B81D15417100BEB7EF /* Info.plist */ = {isa = PBXFileReference; lastKnownFileType = text.plist.xml; path = Info.plist; sourceTree = "<group>"; };
/* End PBXFileReference section */

/* Begin PBXFrameworksBuildPhase section */
		F5A0E0A11D15417100BEB7EF /* Frameworks */ = {
			isa = PBXFrameworksBuildPhase;
			buildActionMask = 2147483647;
			files = (
			);
			runOnlyForDeploymentPostprocessing = 0;
		};
/* End PBXFrameworksBuildPhase section */

/* Begin PBXGroup section */
		F5A0E09B1D15417100BEB7EF = {
			isa = PBXGroup;
			children = (
				F5A0E0A61D15417100BEB7EF /* CareCommunity */,
				F5A0E0A51D15417100BEB7EF /* Products */,
			);
			sourceTree = "<group>";
		};
		F5A0E0A51D15417100BEB7EF /* Products */ = {
			isa = PBXGroup;
			children = (
				F5A0E0A41D15417100BEB7EF /* CareCommunity.app */,
			);
			name = Products;
			sourceTree = "<group>";
		};
		F5A0E0A61D15417100BEB7EF /* CareCommunity */ = {
			isa = PBXGroup;
			children = (
				F5A0E0AA1D15417100BEB7EF /* AppDelegate.h */,
				F5A0E0AB1D15417100BEB7EF /* AppDelegate.m */,
				F5A0E0AD1D15417100BEB7EF /* ViewController.h */,
				F5A0E0AE1D15417100BEB7EF /* ViewController.m */,
				F5A0E0B01D15417100BEB7EF /* Main.storyboard */,
				F5A0E0B31D15417100BEB7EF /* Assets.xcassets */,
				F5A0E0B51D15417100BEB7EF /* LaunchScreen.storyboard */,
				F5A0E0B81D15417100BEB7EF /* Info.plist */,
				F5A0E0A71D15417100BEB7EF /* Supporting Files */,
			);
			path = CareCommunity;
			sourceTree = "<group>";
		};
		F5A0E0A71D15417100BEB7EF /* Supporting Files */ = {
			isa = PBXGroup;
			children = (
				F5A0E0A81D15417100BEB7EF /* main.m */,
			);
			name = "Supporting Files";
			sourceTree = "<group>";
		};
/* End PBXGroup section */

/* Begin PBXNativeTarget section */
		F5A0E0A31D15417100BEB7EF /* CareCommunity */ = {
			isa = PBXNativeTarget;
			buildConfigurationList = F5A0E0BB1D15417100BEB7EF /* Build configuration list for PBXNativeTarget "CareCommunity" */;
			buildPhases = (
				F5A0E0A01D15417100BEB7EF /* Sources */,
				F5A0E0A11D15417100BEB7EF /* Frameworks */,
				F5A0E0A21D15417100BEB7EF /* Resources */,
			);
			buildRules = (
			);
			dependencies = (
			);
			name = CareCommunity;
			productName = CareCommunity;
			productReference = F5A0E0A41D15417100BEB7EF /* CareCommunity.app */;
			productType = "com.apple.product-type.application";
		};
/* End PBXNativeTarget section */

/* Begin PBXProject section */
		F5A0E09C1D15417100BEB7EF /* Project object */ = {
			isa = PBXProject;
			attributes = {
				LastUpgradeCheck = 0730;
				ORGANIZATIONNAME = devjangir;
				TargetAttributes = {
					F5A0E0A31D15417100BEB7EF = {
						CreatedOnToolsVersion = 7.3;
					};
				};
			};
			buildConfigurationList = F5A0E09F1D15417100BEB7EF /* Build configuration list for PBXProject "CareCommunity" */;
			compatibilityVersion = "Xcode 3.2";
			developmentRegion = English;
			hasScannedForEncodings = 0;
			knownRegions = (
				en,
				Base,
			);
			mainGroup = F5A0E09B1D15417100BEB7EF;
			productRefGroup = F5A0E0A51D15417100BEB7EF /* Products */;
			projectDirPath = "";
			projectRoot = "";
			targets = (
				F5A0E0A31D15417100BEB7EF /* CareCommunity */,
			);
		};
/* End PBXProject section */

/* Begin PBXResourcesBuildPhase section */
		F5A0E0A21D15417100BEB7EF /* Resources */ = {
			isa = PBXResourcesBuildPhase;
			buildActionMask = 2147483647;
			files = (
				F5A0E0B71D15417100BEB7EF /* LaunchScreen.storyboard in Resources */,
				F5A0E0B41D15417100BEB7EF /* Assets.xcassets in Resources */,
				F5A0E0B21D15417100BEB7EF /* Main.storyboard in Resources */,
			);
			runOnlyForDeploymentPostprocessing = 0;
		};
/* End PBXResourcesBuildPhase section */

/* Begin PBXSourcesBuildPhase section */
		F5A0E0A01D15417100BEB7EF /* Sources */ = {
			isa = PBXSourcesBuildPhase;
			buildActionMask = 2147483647;
			files = (
				F5A0E0AF1D15417100BEB7EF /* ViewController.m in Sources */,
				F5A0E0AC1D15417100BEB7EF /* AppDelegate.m in Sources */,
				F5A0E0A91D15417100BEB7EF /* main.m in Sources */,
			);
			runOnlyForDeploymentPostprocessing = 0;
		};
/* End PBXSourcesBuildPhase section */

/* Begin PBXVariantGroup section */
		F5A0E0B01D15417100BEB7EF /* Main.storyboard */ = {
			isa = PBXVariantGroup;
			children = (
				F5A0E0B11D15417100BEB7EF /* Base */,
			);
			name = Main.storyboard;
			sourceTree = "<group>";
		};
		F5A0E0B51D15417100BEB7EF /* LaunchScreen.storyboard */ = {
			isa = PBXVariantGroup;
			children = (
				F5A0E0B61D15417100BEB7EF /* Base */,
			);
			name = LaunchScreen.storyboard;
			sourceTree = "<group>";
		};
/* End PBXVariantGroup section */

/* Begin XCBuildConfiguration section */
		F5A0E0B91D15417100BEB7EF /* Debug */ = {
			isa = XCBuildConfiguration;
			buildSettings = {
				ALWAYS_SEARCH_USER_PATHS = NO;
				CLANG_ANALYZER_NONNULL = YES;
				CLANG_CXX_LANGUAGE_STANDARD = "gnu++0x";
				CLANG_CXX_LIBRARY = "libc++";
				CLANG_ENABLE_MODULES = YES;
				CLANG_ENABLE_OBJC_ARC = YES;
				CLANG_WARN_BOOL_CONVERSION = YES;
				CLANG_WARN_CONSTANT_CONVERSION = YES;
				CLANG_WARN_DIRECT_OBJC_ISA_USAGE = YES_ERROR;
				CLANG_WARN_EMPTY_BODY = YES;
				CLANG_WARN_ENUM_CONVERSION = YES;
				CLANG_WARN_INT_CONVERSION = YES;
				CLANG_WARN_OBJC_ROOT_CLASS = YES_ERROR;
				CLANG_WARN_UNREACHABLE_CODE = YES;
				CLANG_WARN__DUPLICATE_METHOD_MATCH = YES;
				"CODE_SIGN_IDENTITY[sdk=iphoneos*]" = "iPhone Developer";
				COPY_PHASE_STRIP = NO;
				DEBUG_INFORMATION_FORMAT = dwarf;
				ENABLE_STRICT_OBJC_MSGSEND = YES;
				ENABLE_TESTABILITY = YES;
				GCC_C_LANGUAGE_STANDARD = gnu99;
				GCC_DYNAMIC_NO_PIC = NO;
				GCC_NO_COMMON_BLOCKS = YES;
				GCC_OPTIMIZATION_LEVEL = 0;
				GCC_PREPROCESSOR_DEFINITIONS = (
					"DEBUG=1",
					"$(inherited)",
				);
				GCC_WARN_64_TO_32_BIT_CONVERSION = YES;
				GCC_WARN_ABOUT_RETURN_TYPE = YES_ERROR;
				GCC_WARN_UNDECLARED_SELECTOR = YES;
				GCC_WARN_UNINITIALIZED_AUTOS = YES_AGGRESSIVE;
				GCC_WARN_UNUSED_FUNCTION = YES;
				GCC_WARN_UNUSED_VARIABLE = YES;
				IPHONEOS_DEPLOYMENT_TARGET = 9.3;
				MTL_ENABLE_DEBUG_INFO = YES;
				ONLY_ACTIVE_ARCH = YES;
				SDKROOT = iphoneos;
			};
			name = Debug;
		};
		F5A0E0BA1D15417100BEB7EF /* Release */ = {
			isa = XCBuildConfiguration;
			buildSettings = {
				ALWAYS_SEARCH_USER_PATHS = NO;
				CLANG_ANALYZER_NONNULL = YES;
				CLANG_CXX_LANGUAGE_STANDARD = "gnu++0x";
				CLANG_CXX_LIBRARY = "libc++";
				CLANG_ENABLE_MODULES = YES;
				CLANG_ENABLE_OBJC_ARC = YES;
				CLANG_WARN_BOOL_CONVERSION = YES;
				CLANG_WARN_CONSTANT_CONVERSION = YES;
				CLANG_WARN_DIRECT_OBJC_ISA_USAGE = YES_ERROR;
				CLANG_WARN_EMPTY_BODY = YES;
				CLANG_WARN_ENUM_CONVERSION = YES;
				CLANG_WARN_INT_CONVERSION = YES;
				CLANG_WARN_OBJC_ROOT_CLASS = YES_ERROR;
				CLANG_WARN_UNREACHABLE_CODE = YES;
				CLANG_WARN__DUPLICATE_METHOD_MATCH = YES;
				"CODE_SIGN_IDENTITY[sdk=iphoneos*]" = "iPhone Developer";
				COPY_PHASE_STRIP = NO;
				DEBUG_INFORMATION_FORMAT = "dwarf-with-dsym";
				ENABLE_NS_ASSERTIONS = NO;
				ENABLE_STRICT_OBJC_MSGSEND = YES;
				GCC_C_LANGUAGE_STANDARD = gnu99;
				GCC_NO_COMMON_BLOCKS = YES;
				GCC_WARN_64_TO_32_BIT_CONVERSION = YES;
				GCC_WARN_ABOUT_RETURN_TYPE = YES_ERROR;
				GCC_WARN_UNDECLARED_SELECTOR = YES;
				GCC_WARN_UNINITIALIZED_AUTOS = YES_AGGRESSIVE;
				GCC_WARN_UNUSED_FUNCTION = YES;
				GCC_WARN_UNUSED_VARIABLE = YES;
				IPHONEOS_DEPLOYMENT_TARGET = 9.3;
				MTL_ENABLE_DEBUG_INFO = NO;
				SDKROOT = iphoneos;
				VALIDATE_PRODUCT = YES;
			};
			name = Release;
		};
		F5A0E0BC1D15417100BEB7EF /* Debug */ = {
			isa = XCBuildConfiguration;
			buildSettings = {
				ASSETCATALOG_COMPILER_APPICON_NAME = AppIcon;
				INFOPLIST_FILE = CareCommunity/Info.plist;
				LD_RUNPATH_SEARCH_PATHS = "$(inherited) @executable_path/Frameworks";
				PRODUCT_BUNDLE_IDENTIFIER = com.devjangir.CareCommunity;
				PRODUCT_NAME = "$(TARGET_NAME)";
			};
			name = Debug;
		};
		F5A0E0BD1D15417100BEB7EF /* Release */ = {
			isa = XCBuildConfiguration;
			buildSettings = {
				ASSETCATALOG_COMPILER_APPICON_NAME = AppIcon;
				INFOPLIST_FILE = CareCommunity/Info.plist;
				LD_RUNPATH_SEARCH_PATHS = "$(inherited) @executable_path/Frameworks";
				PRODUCT_BUNDLE_IDENTIFIER = com.devjangir.CareCommunity;
				PRODUCT_NAME = "$(TARGET_NAME)";
			};
			name = Release;
		};
/* End XCBuildConfiguration section */

/* Begin XCConfigurationList section */
		F5A0E09F1D15417100BEB7EF /* Build configuration list for PBXProject "CareCommunity" */ = {
			isa = XCConfigurationList;
			buildConfigurations = (
				F5A0E0B91D15417100BEB7EF /* Debug */,
				F5A0E0BA1D15417100BEB7EF /* Release */,
			);
			defaultConfigurationIsVisible = 0;
			defaultConfigurationName = Release;
		};
		F5A0E0BB1D15417100BEB7EF /* Build configuration list for PBXNativeTarget "CareCommunity" */ = {
			isa = XCConfigurationList;
			buildConfigurations = (
				F5A0E0BC1D15417100BEB7EF /* Debug */,
				F5A0E0BD1D15417100BEB7EF /* Release */,
			);
			defaultConfigurationIsVisible = 0;
		};
/* End XCConfigurationList section */
	};
	rootObject = F5A0E09C1D15417100BEB7EF /* Project object */;
}
